// !$*UTF8*$!
{
	archiveVersion = 1;
	classes = {
	};
	objectVersion = 56;
	objects = {

/* Begin PBXBuildFile section */
		38E32BB22B3124A500B1B72E /* TotalSizeApp.swift in Sources */ = {isa = PBXBuildFile; fileRef = 38E32BB12B3124A500B1B72E /* TotalSizeApp.swift */; };
		38E32BB42B3124A500B1B72E /* ContentView.swift in Sources */ = {isa = PBXBuildFile; fileRef = 38E32BB32B3124A500B1B72E /* ContentView.swift */; };
		38E32BB62B3124A600B1B72E /* Assets.xcassets in Resources */ = {isa = PBXBuildFile; fileRef = 38E32BB52B3124A600B1B72E /* Assets.xcassets */; };
		38E32BB92B3124A600B1B72E /* Preview Assets.xcassets in Resources */ = {isa = PBXBuildFile; fileRef = 38E32BB82B3124A600B1B72E /* Preview Assets.xcassets */; };
		38E32BC72B3124DA00B1B72E /* FinderSync.swift in Sources */ = {isa = PBXBuildFile; fileRef = 38E32BC62B3124DA00B1B72E /* FinderSync.swift */; };
		38E32BCC2B3124DA00B1B72E /* ShowTotalSize.appex in Embed Foundation Extensions */ = {isa = PBXBuildFile; fileRef = 38E32BC42B3124DA00B1B72E /* ShowTotalSize.appex */; settings = {ATTRIBUTES = (RemoveHeadersOnCopy, ); }; };
/* End PBXBuildFile section */

/* Begin PBXContainerItemProxy section */
		38E32BCA2B3124DA00B1B72E /* PBXContainerItemProxy */ = {
			isa = PBXContainerItemProxy;
			containerPortal = 38E32BA62B3124A500B1B72E /* Project object */;
			proxyType = 1;
			remoteGlobalIDString = 38E32BC32B3124DA00B1B72E;
			remoteInfo = ShowTotalSize;
		};
/* End PBXContainerItemProxy section */

/* Begin PBXCopyFilesBuildPhase section */
		38E32BD02B3124DA00B1B72E /* Embed Foundation Extensions */ = {
			isa = PBXCopyFilesBuildPhase;
			buildActionMask = 2147483647;
			dstPath = "";
			dstSubfolderSpec = 13;
			files = (
				38E32BCC2B3124DA00B1B72E /* ShowTotalSize.appex in Embed Foundation Extensions */,
			);
			name = "Embed Foundation Extensions";
			runOnlyForDeploymentPostprocessing = 0;
		};
/* End PBXCopyFilesBuildPhase section */

/* Begin PBXFileReference section */
		38E32BAE2B3124A500B1B72E /* TotalSize.app */ = {isa = PBXFileReference; explicitFileType = wrapper.application; includeInIndex = 0; path = TotalSize.app; sourceTree = BUILT_PRODUCTS_DIR; };
		38E32BB12B3124A500B1B72E /* TotalSizeApp.swift */ = {isa = PBXFileReference; lastKnownFileType = sourcecode.swift; path = TotalSizeApp.swift; sourceTree = "<group>"; };
		38E32BB32B3124A500B1B72E /* ContentView.swift */ = {isa = PBXFileReference; lastKnownFileType = sourcecode.swift; path = ContentView.swift; sourceTree = "<group>"; };
		38E32BB52B3124A600B1B72E /* Assets.xcassets */ = {isa = PBXFileReference; lastKnownFileType = folder.assetcatalog; path = Assets.xcassets; sourceTree = "<group>"; };
		38E32BB82B3124A600B1B72E /* Preview Assets.xcassets */ = {isa = PBXFileReference; lastKnownFileType = folder.assetcatalog; path = "Preview Assets.xcassets"; sourceTree = "<group>"; };
		38E32BBA2B3124A600B1B72E /* TotalSize.entitlements */ = {isa = PBXFileReference; lastKnownFileType = text.plist.entitlements; path = TotalSize.entitlements; sourceTree = "<group>"; };
		38E32BC42B3124DA00B1B72E /* ShowTotalSize.appex */ = {isa = PBXFileReference; explicitFileType = "wrapper.app-extension"; includeInIndex = 0; path = ShowTotalSize.appex; sourceTree = BUILT_PRODUCTS_DIR; };
		38E32BC62B3124DA00B1B72E /* FinderSync.swift */ = {isa = PBXFileReference; lastKnownFileType = sourcecode.swift; path = FinderSync.swift; sourceTree = "<group>"; };
		38E32BC82B3124DA00B1B72E /* Info.plist */ = {isa = PBXFileReference; lastKnownFileType = text.plist.xml; path = Info.plist; sourceTree = "<group>"; };
		38E32BC92B3124DA00B1B72E /* ShowTotalSize.entitlements */ = {isa = PBXFileReference; lastKnownFileType = text.plist.entitlements; path = ShowTotalSize.entitlements; sourceTree = "<group>"; };
/* End PBXFileReference section */

/* Begin PBXFrameworksBuildPhase section */
		38E32BAB2B3124A500B1B72E /* Frameworks */ = {
			isa = PBXFrameworksBuildPhase;
			buildActionMask = 2147483647;
			files = (
			);
			runOnlyForDeploymentPostprocessing = 0;
		};
		38E32BC12B3124DA00B1B72E /* Frameworks */ = {
			isa = PBXFrameworksBuildPhase;
			buildActionMask = 2147483647;
			files = (
			);
			runOnlyForDeploymentPostprocessing = 0;
		};
/* End PBXFrameworksBuildPhase section */

/* Begin PBXGroup section */
		38E32BA52B3124A500B1B72E = {
			isa = PBXGroup;
			children = (
				38E32BB02B3124A500B1B72E /* TotalSize */,
				38E32BC52B3124DA00B1B72E /* ShowTotalSize */,
				38E32BAF2B3124A500B1B72E /* Products */,
			);
			sourceTree = "<group>";
		};
		38E32BAF2B3124A500B1B72E /* Products */ = {
			isa = PBXGroup;
			children = (
				38E32BAE2B3124A500B1B72E /* TotalSize.app */,
				38E32BC42B3124DA00B1B72E /* ShowTotalSize.appex */,
			);
			name = Products;
			sourceTree = "<group>";
		};
		38E32BB02B3124A500B1B72E /* TotalSize */ = {
			isa = PBXGroup;
			children = (
				38E32BB12B3124A500B1B72E /* TotalSizeApp.swift */,
				38E32BB32B3124A500B1B72E /* ContentView.swift */,
				38E32BB52B3124A600B1B72E /* Assets.xcassets */,
				38E32BBA2B3124A600B1B72E /* TotalSize.entitlements */,
				38E32BB72B3124A600B1B72E /* Preview Content */,
			);
			path = TotalSize;
			sourceTree = "<group>";
		};
		38E32BB72B3124A600B1B72E /* Preview Content */ = {
			isa = PBXGroup;
			children = (
				38E32BB82B3124A600B1B72E /* Preview Assets.xcassets */,
			);
			path = "Preview Content";
			sourceTree = "<group>";
		};
		38E32BC52B3124DA00B1B72E /* ShowTotalSize */ = {
			isa = PBXGroup;
			children = (
				38E32BC62B3124DA00B1B72E /* FinderSync.swift */,
				38E32BC82B3124DA00B1B72E /* Info.plist */,
				38E32BC92B3124DA00B1B72E /* ShowTotalSize.entitlements */,
			);
			path = ShowTotalSize;
			sourceTree = "<group>";
		};
/* End PBXGroup section */

/* Begin PBXNativeTarget section */
		38E32BAD2B3124A500B1B72E /* TotalSize */ = {
			isa = PBXNativeTarget;
			buildConfigurationList = 38E32BBD2B3124A600B1B72E /* Build configuration list for PBXNativeTarget "TotalSize" */;
			buildPhases = (
				38E32BAA2B3124A500B1B72E /* Sources */,
				38E32BAB2B3124A500B1B72E /* Frameworks */,
				38E32BAC2B3124A500B1B72E /* Resources */,
				38E32BD02B3124DA00B1B72E /* Embed Foundation Extensions */,
			);
			buildRules = (
			);
			dependencies = (
				38E32BCB2B3124DA00B1B72E /* PBXTargetDependency */,
			);
			name = TotalSize;
			productName = TotalSize;
			productReference = 38E32BAE2B3124A500B1B72E /* TotalSize.app */;
			productType = "com.apple.product-type.application";
		};
		38E32BC32B3124DA00B1B72E /* ShowTotalSize */ = {
			isa = PBXNativeTarget;
			buildConfigurationList = 38E32BCD2B3124DA00B1B72E /* Build configuration list for PBXNativeTarget "ShowTotalSize" */;
			buildPhases = (
				38E32BC02B3124DA00B1B72E /* Sources */,
				38E32BC12B3124DA00B1B72E /* Frameworks */,
				38E32BC22B3124DA00B1B72E /* Resources */,
			);
			buildRules = (
			);
			dependencies = (
			);
			name = ShowTotalSize;
			productName = ShowTotalSize;
			productReference = 38E32BC42B3124DA00B1B72E /* ShowTotalSize.appex */;
			productType = "com.apple.product-type.app-extension";
		};
/* End PBXNativeTarget section */

/* Begin PBXProject section */
		38E32BA62B3124A500B1B72E /* Project object */ = {
			isa = PBXProject;
			attributes = {
				BuildIndependentTargetsInParallel = 1;
				LastSwiftUpdateCheck = 1510;
				LastUpgradeCheck = 1510;
				TargetAttributes = {
					38E32BAD2B3124A500B1B72E = {
						CreatedOnToolsVersion = 15.1;
					};
					38E32BC32B3124DA00B1B72E = {
						CreatedOnToolsVersion = 15.1;
					};
				};
			};
			buildConfigurationList = 38E32BA92B3124A500B1B72E /* Build configuration list for PBXProject "TotalSize" */;
			compatibilityVersion = "Xcode 14.0";
			developmentRegion = en;
			hasScannedForEncodings = 0;
			knownRegions = (
				en,
				Base,
			);
			mainGroup = 38E32BA52B3124A500B1B72E;
			productRefGroup = 38E32BAF2B3124A500B1B72E /* Products */;
			projectDirPath = "";
			projectRoot = "";
			targets = (
				38E32BAD2B3124A500B1B72E /* TotalSize */,
				38E32BC32B3124DA00B1B72E /* ShowTotalSize */,
			);
		};
/* End PBXProject section */

/* Begin PBXResourcesBuildPhase section */
		38E32BAC2B3124A500B1B72E /* Resources */ = {
			isa = PBXResourcesBuildPhase;
			buildActionMask = 2147483647;
			files = (
				38E32BB92B3124A600B1B72E /* Preview Assets.xcassets in Resources */,
				38E32BB62B3124A600B1B72E /* Assets.xcassets in Resources */,
			);
			runOnlyForDeploymentPostprocessing = 0;
		};
		38E32BC22B3124DA00B1B72E /* Resources */ = {
			isa = PBXResourcesBuildPhase;
			buildActionMask = 2147483647;
			files = (
			);
			runOnlyForDeploymentPostprocessing = 0;
		};
/* End PBXResourcesBuildPhase section */

/* Begin PBXSourcesBuildPhase section */
		38E32BAA2B3124A500B1B72E /* Sources */ = {
			isa = PBXSourcesBuildPhase;
			buildActionMask = 2147483647;
			files = (
				38E32BB42B3124A500B1B72E /* ContentView.swift in Sources */,
				38E32BB22B3124A500B1B72E /* TotalSizeApp.swift in Sources */,
			);
			runOnlyForDeploymentPostprocessing = 0;
		};
		38E32BC02B3124DA00B1B72E /* Sources */ = {
			isa = PBXSourcesBuildPhase;
			buildActionMask = 2147483647;
			files = (
				38E32BC72B3124DA00B1B72E /* FinderSync.swift in Sources */,
			);
			runOnlyForDeploymentPostprocessing = 0;
		};
/* End PBXSourcesBuildPhase section */

/* Begin PBXTargetDependency section */
		38E32BCB2B3124DA00B1B72E /* PBXTargetDependency */ = {
			isa = PBXTargetDependency;
			target = 38E32BC32B3124DA00B1B72E /* ShowTotalSize */;
			targetProxy = 38E32BCA2B3124DA00B1B72E /* PBXContainerItemProxy */;
		};
/* End PBXTargetDependency section */

/* Begin XCBuildConfiguration section */
		38E32BBB2B3124A600B1B72E /* Debug */ = {
			isa = XCBuildConfiguration;
			buildSettings = {
				ALWAYS_SEARCH_USER_PATHS = NO;
				ASSETCATALOG_COMPILER_GENERATE_SWIFT_ASSET_SYMBOL_EXTENSIONS = YES;
				CLANG_ANALYZER_NONNULL = YES;
				CLANG_ANALYZER_NUMBER_OBJECT_CONVERSION = YES_AGGRESSIVE;
				CLANG_CXX_LANGUAGE_STANDARD = "gnu++20";
				CLANG_ENABLE_MODULES = YES;
				CLANG_ENABLE_OBJC_ARC = YES;
				CLANG_ENABLE_OBJC_WEAK = YES;
				CLANG_WARN_BLOCK_CAPTURE_AUTORELEASING = YES;
				CLANG_WARN_BOOL_CONVERSION = YES;
				CLANG_WARN_COMMA = YES;
				CLANG_WARN_CONSTANT_CONVERSION = YES;
				CLANG_WARN_DEPRECATED_OBJC_IMPLEMENTATIONS = YES;
				CLANG_WARN_DIRECT_OBJC_ISA_USAGE = YES_ERROR;
				CLANG_WARN_DOCUMENTATION_COMMENTS = YES;
				CLANG_WARN_EMPTY_BODY = YES;
				CLANG_WARN_ENUM_CONVERSION = YES;
				CLANG_WARN_INFINITE_RECURSION = YES;
				CLANG_WARN_INT_CONVERSION = YES;
				CLANG_WARN_NON_LITERAL_NULL_CONVERSION = YES;
				CLANG_WARN_OBJC_IMPLICIT_RETAIN_SELF = YES;
				CLANG_WARN_OBJC_LITERAL_CONVERSION = YES;
				CLANG_WARN_OBJC_ROOT_CLASS = YES_ERROR;
				CLANG_WARN_QUOTED_INCLUDE_IN_FRAMEWORK_HEADER = YES;
				CLANG_WARN_RANGE_LOOP_ANALYSIS = YES;
				CLANG_WARN_STRICT_PROTOTYPES = YES;
				CLANG_WARN_SUSPICIOUS_MOVE = YES;
				CLANG_WARN_UNGUARDED_AVAILABILITY = YES_AGGRESSIVE;
				CLANG_WARN_UNREACHABLE_CODE = YES;
				CLANG_WARN__DUPLICATE_METHOD_MATCH = YES;
				COPY_PHASE_STRIP = NO;
				DEBUG_INFORMATION_FORMAT = dwarf;
				ENABLE_STRICT_OBJC_MSGSEND = YES;
				ENABLE_TESTABILITY = YES;
				ENABLE_USER_SCRIPT_SANDBOXING = YES;
				GCC_C_LANGUAGE_STANDARD = gnu17;
				GCC_DYNAMIC_NO_PIC = NO;
				GCC_NO_COMMON_BLOCKS = YES;
				GCC_OPTIMIZATION_LEVEL = 0;
				GCC_PREPROCESSOR_DEFINITIONS = (
					"DEBUG=1",
					"$(inherited)",
				);
				GCC_WARN_64_TO_32_BIT_CONVERSION = YES;
				GCC_WARN_ABOUT_RETURN_TYPE = YES_ERROR;
				GCC_WARN_UNDECLARED_SELECTOR = YES;
				GCC_WARN_UNINITIALIZED_AUTOS = YES_AGGRESSIVE;
				GCC_WARN_UNUSED_FUNCTION = YES;
				GCC_WARN_UNUSED_VARIABLE = YES;
				LOCALIZATION_PREFERS_STRING_CATALOGS = YES;
				MACOSX_DEPLOYMENT_TARGET = 14.2;
				MTL_ENABLE_DEBUG_INFO = INCLUDE_SOURCE;
				MTL_FAST_MATH = YES;
				ONLY_ACTIVE_ARCH = YES;
				SDKROOT = macosx;
				SWIFT_ACTIVE_COMPILATION_CONDITIONS = "DEBUG $(inherited)";
				SWIFT_OPTIMIZATION_LEVEL = "-Onone";
			};
			name = Debug;
		};
		38E32BBC2B3124A600B1B72E /* Release */ = {
			isa = XCBuildConfiguration;
			buildSettings = {
				ALWAYS_SEARCH_USER_PATHS = NO;
				ASSETCATALOG_COMPILER_GENERATE_SWIFT_ASSET_SYMBOL_EXTENSIONS = YES;
				CLANG_ANALYZER_NONNULL = YES;
				CLANG_ANALYZER_NUMBER_OBJECT_CONVERSION = YES_AGGRESSIVE;
				CLANG_CXX_LANGUAGE_STANDARD = "gnu++20";
				CLANG_ENABLE_MODULES = YES;
				CLANG_ENABLE_OBJC_ARC = YES;
				CLANG_ENABLE_OBJC_WEAK = YES;
				CLANG_WARN_BLOCK_CAPTURE_AUTORELEASING = YES;
				CLANG_WARN_BOOL_CONVERSION = YES;
				CLANG_WARN_COMMA = YES;
				CLANG_WARN_CONSTANT_CONVERSION = YES;
				CLANG_WARN_DEPRECATED_OBJC_IMPLEMENTATIONS = YES;
				CLANG_WARN_DIRECT_OBJC_ISA_USAGE = YES_ERROR;
				CLANG_WARN_DOCUMENTATION_COMMENTS = YES;
				CLANG_WARN_EMPTY_BODY = YES;
				CLANG_WARN_ENUM_CONVERSION = YES;
				CLANG_WARN_INFINITE_RECURSION = YES;
				CLANG_WARN_INT_CONVERSION = YES;
				CLANG_WARN_NON_LITERAL_NULL_CONVERSION = YES;
				CLANG_WARN_OBJC_IMPLICIT_RETAIN_SELF = YES;
				CLANG_WARN_OBJC_LITERAL_CONVERSION = YES;
				CLANG_WARN_OBJC_ROOT_CLASS = YES_ERROR;
				CLANG_WARN_QUOTED_INCLUDE_IN_FRAMEWORK_HEADER = YES;
				CLANG_WARN_RANGE_LOOP_ANALYSIS = YES;
				CLANG_WARN_STRICT_PROTOTYPES = YES;
				CLANG_WARN_SUSPICIOUS_MOVE = YES;
				CLANG_WARN_UNGUARDED_AVAILABILITY = YES_AGGRESSIVE;
				CLANG_WARN_UNREACHABLE_CODE = YES;
				CLANG_WARN__DUPLICATE_METHOD_MATCH = YES;
				COPY_PHASE_STRIP = NO;
				DEBUG_INFORMATION_FORMAT = "dwarf-with-dsym";
				ENABLE_NS_ASSERTIONS = NO;
				ENABLE_STRICT_OBJC_MSGSEND = YES;
				ENABLE_USER_SCRIPT_SANDBOXING = YES;
				GCC_C_LANGUAGE_STANDARD = gnu17;
				GCC_NO_COMMON_BLOCKS = YES;
				GCC_WARN_64_TO_32_BIT_CONVERSION = YES;
				GCC_WARN_ABOUT_RETURN_TYPE = YES_ERROR;
				GCC_WARN_UNDECLARED_SELECTOR = YES;
				GCC_WARN_UNINITIALIZED_AUTOS = YES_AGGRESSIVE;
				GCC_WARN_UNUSED_FUNCTION = YES;
				GCC_WARN_UNUSED_VARIABLE = YES;
				LOCALIZATION_PREFERS_STRING_CATALOGS = YES;
				MACOSX_DEPLOYMENT_TARGET = 14.2;
				MTL_ENABLE_DEBUG_INFO = NO;
				MTL_FAST_MATH = YES;
				SDKROOT = macosx;
				SWIFT_COMPILATION_MODE = wholemodule;
			};
			name = Release;
		};
		38E32BBE2B3124A600B1B72E /* Debug */ = {
			isa = XCBuildConfiguration;
			buildSettings = {
				ALWAYS_EMBED_SWIFT_STANDARD_LIBRARIES = YES;
				ASSETCATALOG_COMPILER_APPICON_NAME = AppIcon;
				ASSETCATALOG_COMPILER_GLOBAL_ACCENT_COLOR_NAME = AccentColor;
				CODE_SIGN_ENTITLEMENTS = TotalSize/TotalSize.entitlements;
				CODE_SIGN_STYLE = Automatic;
				COMBINE_HIDPI_IMAGES = YES;
				CURRENT_PROJECT_VERSION = 1;
				DEVELOPMENT_ASSET_PATHS = "\"TotalSize/Preview Content\"";
				DEVELOPMENT_TEAM = 9992YFRH9N;
				ENABLE_HARDENED_RUNTIME = YES;
				ENABLE_PREVIEWS = YES;
				GENERATE_INFOPLIST_FILE = YES;
				INFOPLIST_KEY_NSHumanReadableCopyright = "";
				LD_RUNPATH_SEARCH_PATHS = (
					"$(inherited)",
					"@executable_path/../Frameworks",
				);
				MARKETING_VERSION = 1.0;
				PRODUCT_BUNDLE_IDENTIFIER = robinn.TotalSize;
				PRODUCT_NAME = "$(TARGET_NAME)";
				SWIFT_EMIT_LOC_STRINGS = YES;
				SWIFT_VERSION = 5.0;
			};
			name = Debug;
		};
		38E32BBF2B3124A600B1B72E /* Release */ = {
			isa = XCBuildConfiguration;
			buildSettings = {
				ALWAYS_EMBED_SWIFT_STANDARD_LIBRARIES = YES;
				ASSETCATALOG_COMPILER_APPICON_NAME = AppIcon;
				ASSETCATALOG_COMPILER_GLOBAL_ACCENT_COLOR_NAME = AccentColor;
				CODE_SIGN_ENTITLEMENTS = TotalSize/TotalSize.entitlements;
				CODE_SIGN_STYLE = Automatic;
				COMBINE_HIDPI_IMAGES = YES;
				CURRENT_PROJECT_VERSION = 1;
				DEVELOPMENT_ASSET_PATHS = "\"TotalSize/Preview Content\"";
				DEVELOPMENT_TEAM = 9992YFRH9N;
				ENABLE_HARDENED_RUNTIME = YES;
				ENABLE_PREVIEWS = YES;
				GENERATE_INFOPLIST_FILE = YES;
				INFOPLIST_KEY_NSHumanReadableCopyright = "";
				LD_RUNPATH_SEARCH_PATHS = (
					"$(inherited)",
					"@executable_path/../Frameworks",
				);
				MARKETING_VERSION = 1.0;
				PRODUCT_BUNDLE_IDENTIFIER = robinn.TotalSize;
				PRODUCT_NAME = "$(TARGET_NAME)";
				SWIFT_EMIT_LOC_STRINGS = YES;
				SWIFT_VERSION = 5.0;
			};
			name = Release;
		};
		38E32BCE2B3124DA00B1B72E /* Debug */ = {
			isa = XCBuildConfiguration;
			buildSettings = {
				CODE_SIGN_ENTITLEMENTS = ShowTotalSize/ShowTotalSize.entitlements;
				CODE_SIGN_STYLE = Automatic;
				COMBINE_HIDPI_IMAGES = YES;
				CURRENT_PROJECT_VERSION = 1;
				DEVELOPMENT_TEAM = 9992YFRH9N;
				ENABLE_HARDENED_RUNTIME = YES;
				GENERATE_INFOPLIST_FILE = YES;
				INFOPLIST_FILE = ShowTotalSize/Info.plist;
				INFOPLIST_KEY_CFBundleDisplayName = ShowTotalSize;
				INFOPLIST_KEY_NSHumanReadableCopyright = "";
				LD_RUNPATH_SEARCH_PATHS = (
					"$(inherited)",
					"@executable_path/../Frameworks",
					"@executable_path/../../../../Frameworks",
				);
				MARKETING_VERSION = 1.0;
				PRODUCT_BUNDLE_IDENTIFIER = robinn.TotalSize.ShowTotalSize;
				PRODUCT_NAME = "$(TARGET_NAME)";
				SKIP_INSTALL = YES;
				SWIFT_EMIT_LOC_STRINGS = YES;
				SWIFT_VERSION = 5.0;
			};
			name = Debug;
		};
		38E32BCF2B3124DA00B1B72E /* Release */ = {
			isa = XCBuildConfiguration;
			buildSettings = {
				CODE_SIGN_ENTITLEMENTS = ShowTotalSize/ShowTotalSize.entitlements;
				CODE_SIGN_STYLE = Automatic;
				COMBINE_HIDPI_IMAGES = YES;
				CURRENT_PROJECT_VERSION = 1;
				DEVELOPMENT_TEAM = 9992YFRH9N;
				ENABLE_HARDENED_RUNTIME = YES;
				GENERATE_INFOPLIST_FILE = YES;
				INFOPLIST_FILE = ShowTotalSize/Info.plist;
				INFOPLIST_KEY_CFBundleDisplayName = ShowTotalSize;
				INFOPLIST_KEY_NSHumanReadableCopyright = "";
				LD_RUNPATH_SEARCH_PATHS = (
					"$(inherited)",
					"@executable_path/../Frameworks",
					"@executable_path/../../../../Frameworks",
				);
				MARKETING_VERSION = 1.0;
				PRODUCT_BUNDLE_IDENTIFIER = robinn.TotalSize.ShowTotalSize;
				PRODUCT_NAME = "$(TARGET_NAME)";
				SKIP_INSTALL = YES;
				SWIFT_EMIT_LOC_STRINGS = YES;
				SWIFT_VERSION = 5.0;
			};
			name = Release;
		};
/* End XCBuildConfiguration section */

/* Begin XCConfigurationList section */
		38E32BA92B3124A500B1B72E /* Build configuration list for PBXProject "TotalSize" */ = {
			isa = XCConfigurationList;
			buildConfigurations = (
				38E32BBB2B3124A600B1B72E /* Debug */,
				38E32BBC2B3124A600B1B72E /* Release */,
			);
			defaultConfigurationIsVisible = 0;
			defaultConfigurationName = Release;
		};
		38E32BBD2B3124A600B1B72E /* Build configuration list for PBXNativeTarget "TotalSize" */ = {
			isa = XCConfigurationList;
			buildConfigurations = (
				38E32BBE2B3124A600B1B72E /* Debug */,
				38E32BBF2B3124A600B1B72E /* Release */,
			);
			defaultConfigurationIsVisible = 0;
			defaultConfigurationName = Release;
		};
		38E32BCD2B3124DA00B1B72E /* Build configuration list for PBXNativeTarget "ShowTotalSize" */ = {
			isa = XCConfigurationList;
			buildConfigurations = (
				38E32BCE2B3124DA00B1B72E /* Debug */,
				38E32BCF2B3124DA00B1B72E /* Release */,
			);
			defaultConfigurationIsVisible = 0;
			defaultConfigurationName = Release;
		};
/* End XCConfigurationList section */
	};
	rootObject = 38E32BA62B3124A500B1B72E /* Project object */;
}
